
Microsoft Visual Studio Solution File, Format Version 12.00
# Visual Studio Version 17
VisualStudioVersion = 17.5.33414.496
MinimumVisualStudioVersion = 10.0.40219.1
Project("{FAE04EC0-301F-11D3-BF4B-00C04F79EFBC}") = "Exercise_7.8", "Exercise_7.8.csproj", "{ECBB4279-D250-4539-9FF2-52A57806E336}"
EndProject
Global
	GlobalSection(SolutionConfigurationPlatforms) = preSolution
		Debug|Any CPU = Debug|Any CPU
		Release|Any CPU = Release|Any CPU
	EndGlobalSection
	GlobalSection(ProjectConfigurationPlatforms) = postSolution
		{ECBB4279-D250-4539-9FF2-52A57806E336}.Debug|Any CPU.ActiveCfg = Debug|Any CPU
		{ECBB4279-D250-4539-9FF2-52A57806E336}.Debug|Any CPU.Build.0 = Debug|Any CPU
		{ECBB4279-D250-4539-9FF2-52A57806E336}.Release|Any CPU.ActiveCfg = Release|Any CPU
		{ECBB4279-D250-4539-9FF2-52A57806E336}.Release|Any CPU.Build.0 = Release|Any CPU
	EndGlobalSection
	GlobalSection(SolutionProperties) = preSolution
		HideSolutionNode = FALSE
	EndGlobalSection
	GlobalSection(ExtensibilityGlobals) = postSolution
		SolutionGuid = {ADDBBD25-597F-453D-9187-4BF0FFD0FF3C}
	EndGlobalSection
EndGlobal
